
Microsoft Visual Studio Solution File, Format Version 12.00
# Visual Studio Version 17
VisualStudioVersion = 17.4.33205.214
MinimumVisualStudioVersion = 10.0.40219.1
Project("{FAE04EC0-301F-11D3-BF4B-00C04F79EFBC}") = "TextSplitterApp", "TextSplitterApp.csproj", "{20ACFBB4-3E17-4512-838E-CE41672501DD}"
EndProject
Global
	GlobalSection(SolutionConfigurationPlatforms) = preSolution
		Debug|Any CPU = Debug|Any CPU
		Release|Any CPU = Release|Any CPU
	EndGlobalSection
	GlobalSection(ProjectConfigurationPlatforms) = postSolution
		{20ACFBB4-3E17-4512-838E-CE41672501DD}.Debug|Any CPU.ActiveCfg = Debug|Any CPU
		{20ACFBB4-3E17-4512-838E-CE41672501DD}.Debug|Any CPU.Build.0 = Debug|Any CPU
		{20ACFBB4-3E17-4512-838E-CE41672501DD}.Release|Any CPU.ActiveCfg = Release|Any CPU
		{20ACFBB4-3E17-4512-838E-CE41672501DD}.Release|Any CPU.Build.0 = Release|Any CPU
	EndGlobalSection
	GlobalSection(SolutionProperties) = preSolution
		HideSolutionNode = FALSE
	EndGlobalSection
	GlobalSection(ExtensibilityGlobals) = postSolution
		SolutionGuid = {494B6073-481E-4D42-91CA-2F4417A48568}
	EndGlobalSection
EndGlobal
